
Microsoft Visual Studio Solution File, Format Version 12.00
# Visual Studio Version 17
VisualStudioVersion = 17.10.35013.160
MinimumVisualStudioVersion = 10.0.40219.1
Project("{FAE04EC0-301F-11D3-BF4B-00C04F79EFBC}") = "algo", "algo\algo.csproj", "{E3D2AD0B-D98F-4731-B8E5-3A893ABB2386}"
EndProject
Global
	GlobalSection(SolutionConfigurationPlatforms) = preSolution
		Debug|Any CPU = Debug|Any CPU
		Release|Any CPU = Release|Any CPU
	EndGlobalSection
	GlobalSection(ProjectConfigurationPlatforms) = postSolution
		{E3D2AD0B-D98F-4731-B8E5-3A893ABB2386}.Debug|Any CPU.ActiveCfg = Debug|Any CPU
		{E3D2AD0B-D98F-4731-B8E5-3A893ABB2386}.Debug|Any CPU.Build.0 = Debug|Any CPU
		{E3D2AD0B-D98F-4731-B8E5-3A893ABB2386}.Release|Any CPU.ActiveCfg = Release|Any CPU
		{E3D2AD0B-D98F-4731-B8E5-3A893ABB2386}.Release|Any CPU.Build.0 = Release|Any CPU
	EndGlobalSection
	GlobalSection(SolutionProperties) = preSolution
		HideSolutionNode = FALSE
	EndGlobalSection
	GlobalSection(ExtensibilityGlobals) = postSolution
		SolutionGuid = {360FCA43-F357-440D-B435-FF57EDD54B7C}
	EndGlobalSection
EndGlobal
